{
  "name": "ngx-tribute",
  "version": "0.0.1",
  "lockfileVersion": 2,
  "requires": true,
  "packages": {
    "": {
      "name": "ngx-tribute",
      "version": "0.0.1",
      "dependencies": {
        "tslib": "^2.4.1"
      },
      "peerDependencies": {
        "@angular/common": "^15.0.2",
        "@angular/core": "^15.0.2",
        "tributejs": "^5.1.3"
      }
    },
    "node_modules/@angular/common": {
      "version": "15.0.2",
      "resolved": "http://verdaccio:4873/@angular%2fcommon/-/common-15.0.2.tgz",
      "integrity": "sha512-BZkaUdFv6A0a8m3R/HEYmwZrULMHwRWQh+ukSQEz9reVNUiH0/mNvj9I4iYYCfYXHPiyMIRfAeu/fqdl14DBFg==",
      "peer": true,
      "dependencies": {
        "tslib": "^2.3.0"
      },
      "engines": {
        "node": "^14.20.0 || ^16.13.0 || >=18.10.0"
      },
      "peerDependencies": {
        "@angular/core": "15.0.2",
        "rxjs": "^6.5.3 || ^7.4.0"
      }
    },
    "node_modules/@angular/core": {
      "version": "15.0.2",
      "resolved": "http://verdaccio:4873/@angular%2fcore/-/core-15.0.2.tgz",
      "integrity": "sha512-qM0T4r3Z3Qfk+5+M5JRB1qr3AUKgabbC0kARY+R+QvwbQBE6UoeWw5eRuUbTGDP70Ikeeg0xZebpkr7Oghp9/A==",
      "peer": true,
      "dependencies": {
        "tslib": "^2.3.0"
      },
      "engines": {
        "node": "^14.20.0 || ^16.13.0 || >=18.10.0"
      },
      "peerDependencies": {
        "rxjs": "^6.5.3 || ^7.4.0",
        "zone.js": "~0.11.4 || ~0.12.0"
      }
    },
    "node_modules/rxjs": {
      "version": "7.6.0",
      "resolved": "http://verdaccio:4873/rxjs/-/rxjs-7.6.0.tgz",
      "integrity": "sha512-DDa7d8TFNUalGC9VqXvQ1euWNN7sc63TrUCuM9J998+ViviahMIjKSOU7rfcgFOF+FCD71BhDRv4hrFz+ImDLQ==",
      "peer": true,
      "dependencies": {
        "tslib": "^2.1.0"
      }
    },
    "node_modules/tributejs": {
      "version": "5.1.3",
      "resolved": "http://verdaccio:4873/tributejs/-/tributejs-5.1.3.tgz",
      "integrity": "sha512-B5CXihaVzXw+1UHhNFyAwUTMDk1EfoLP5Tj1VhD9yybZ1I8DZJEv8tZ1l0RJo0t0tk9ZhR8eG5tEsaCvRigmdQ==",
      "peer": true
    },
    "node_modules/tslib": {
      "version": "2.4.1",
      "resolved": "http://verdaccio:4873/tslib/-/tslib-2.4.1.tgz",
      "integrity": "sha512-tGyy4dAjRIEwI7BzsB0lynWgOpfqjUdq91XXAlIWD2OwKBH7oCl/GZG/HT4BOHrTlPMOASlMQ7veyTqpmRcrNA=="
    },
    "node_modules/zone.js": {
      "version": "0.12.0",
      "resolved": "http://verdaccio:4873/zone.js/-/zone.js-0.12.0.tgz",
      "integrity": "sha512-XtC+I5dXU14HrzidAKBNMqneIVUykLEAA1x+v4KVrd6AUPWlwYORF8KgsVqvgdHiKZ4BkxxjvYi/ksEixTPR0Q==",
      "peer": true,
      "dependencies": {
        "tslib": "^2.3.0"
      }
    }
  },
  "dependencies": {
    "@angular/common": {
      "version": "15.0.2",
      "resolved": "http://verdaccio:4873/@angular%2fcommon/-/common-15.0.2.tgz",
      "integrity": "sha512-BZkaUdFv6A0a8m3R/HEYmwZrULMHwRWQh+ukSQEz9reVNUiH0/mNvj9I4iYYCfYXHPiyMIRfAeu/fqdl14DBFg==",
      "peer": true,
      "requires": {
        "tslib": "^2.3.0"
      }
    },
    "@angular/core": {
      "version": "15.0.2",
      "resolved": "http://verdaccio:4873/@angular%2fcore/-/core-15.0.2.tgz",
      "integrity": "sha512-qM0T4r3Z3Qfk+5+M5JRB1qr3AUKgabbC0kARY+R+QvwbQBE6UoeWw5eRuUbTGDP70Ikeeg0xZebpkr7Oghp9/A==",
      "peer": true,
      "requires": {
        "tslib": "^2.3.0"
      }
    },
    "rxjs": {
      "version": "7.6.0",
      "resolved": "http://verdaccio:4873/rxjs/-/rxjs-7.6.0.tgz",
      "integrity": "sha512-DDa7d8TFNUalGC9VqXvQ1euWNN7sc63TrUCuM9J998+ViviahMIjKSOU7rfcgFOF+FCD71BhDRv4hrFz+ImDLQ==",
      "peer": true,
      "requires": {
        "tslib": "^2.1.0"
      }
    },
    "tributejs": {
      "version": "5.1.3",
      "resolved": "http://verdaccio:4873/tributejs/-/tributejs-5.1.3.tgz",
      "integrity": "sha512-B5CXihaVzXw+1UHhNFyAwUTMDk1EfoLP5Tj1VhD9yybZ1I8DZJEv8tZ1l0RJo0t0tk9ZhR8eG5tEsaCvRigmdQ==",
      "peer": true
    },
    "tslib": {
      "version": "2.4.1",
      "resolved": "http://verdaccio:4873/tslib/-/tslib-2.4.1.tgz",
      "integrity": "sha512-tGyy4dAjRIEwI7BzsB0lynWgOpfqjUdq91XXAlIWD2OwKBH7oCl/GZG/HT4BOHrTlPMOASlMQ7veyTqpmRcrNA=="
    },
    "zone.js": {
      "version": "0.12.0",
      "resolved": "http://verdaccio:4873/zone.js/-/zone.js-0.12.0.tgz",
      "integrity": "sha512-XtC+I5dXU14HrzidAKBNMqneIVUykLEAA1x+v4KVrd6AUPWlwYORF8KgsVqvgdHiKZ4BkxxjvYi/ksEixTPR0Q==",
      "peer": true,
      "requires": {
        "tslib": "^2.3.0"
      }
    }
  }
}
